// !$*UTF8*$!
{
	archiveVersion = 1;
	classes = {
	};
	objectVersion = 55;
	objects = {

/* Begin PBXBuildFile section */
		F5A051DC2AC6C2FA00C27C7B /* AppDelegate.swift in Sources */ = {isa = PBXBuildFile; fileRef = F5A051DB2AC6C2FA00C27C7B /* AppDelegate.swift */; };
		F5A051DE2AC6C2FA00C27C7B /* SceneDelegate.swift in Sources */ = {isa = PBXBuildFile; fileRef = F5A051DD2AC6C2FA00C27C7B /* SceneDelegate.swift */; };
		F5A051E02AC6C2FA00C27C7B /* ViewController.swift in Sources */ = {isa = PBXBuildFile; fileRef = F5A051DF2AC6C2FA00C27C7B /* ViewController.swift */; };
		F5A051E62AC6C2FA00C27C7B /* Rich_Step.xcdatamodeld in Sources */ = {isa = PBXBuildFile; fileRef = F5A051E42AC6C2FA00C27C7B /* Rich_Step.xcdatamodeld */; };
		F5A051E82AC6C2FC00C27C7B /* Assets.xcassets in Resources */ = {isa = PBXBuildFile; fileRef = F5A051E72AC6C2FC00C27C7B /* Assets.xcassets */; };
		F5A051EB2AC6C2FC00C27C7B /* LaunchScreen.storyboard in Resources */ = {isa = PBXBuildFile; fileRef = F5A051E92AC6C2FC00C27C7B /* LaunchScreen.storyboard */; };
		F5A051F62AC6C2FC00C27C7B /* Rich_StepTests.swift in Sources */ = {isa = PBXBuildFile; fileRef = F5A051F52AC6C2FC00C27C7B /* Rich_StepTests.swift */; };
		F5A052002AC6C2FC00C27C7B /* Rich_StepUITests.swift in Sources */ = {isa = PBXBuildFile; fileRef = F5A051FF2AC6C2FC00C27C7B /* Rich_StepUITests.swift */; };
		F5A052022AC6C2FC00C27C7B /* Rich_StepUITestsLaunchTests.swift in Sources */ = {isa = PBXBuildFile; fileRef = F5A052012AC6C2FC00C27C7B /* Rich_StepUITestsLaunchTests.swift */; };
		F5A052112AC6C3EE00C27C7B /* AppCoordinator.swift in Sources */ = {isa = PBXBuildFile; fileRef = F5A052102AC6C3EE00C27C7B /* AppCoordinator.swift */; };
		F5A052132AC6C5F400C27C7B /* CoordinatorProtocol.swift in Sources */ = {isa = PBXBuildFile; fileRef = F5A052122AC6C5F400C27C7B /* CoordinatorProtocol.swift */; };
		F5A052152AC6C69000C27C7B /* WelcomeViewCoordinator.swift in Sources */ = {isa = PBXBuildFile; fileRef = F5A052142AC6C69000C27C7B /* WelcomeViewCoordinator.swift */; };
		F5A0521C2AC6C99200C27C7B /* WelcomeViewController.swift in Sources */ = {isa = PBXBuildFile; fileRef = F5A0521B2AC6C99200C27C7B /* WelcomeViewController.swift */; };
		F5A0521E2AC6CB2700C27C7B /* WelcomeView.xib in Resources */ = {isa = PBXBuildFile; fileRef = F5A0521D2AC6CB2700C27C7B /* WelcomeView.xib */; };
		F5A052202AC6CB4D00C27C7B /* WelcomeView.swift in Sources */ = {isa = PBXBuildFile; fileRef = F5A0521F2AC6CB4D00C27C7B /* WelcomeView.swift */; };
		F5A052232AC6CD8700C27C7B /* UIView+Nib.swift in Sources */ = {isa = PBXBuildFile; fileRef = F5A052222AC6CD8700C27C7B /* UIView+Nib.swift */; };
		F5A052252AC6E05800C27C7B /* Main.storyboard in Resources */ = {isa = PBXBuildFile; fileRef = F5A052242AC6E05800C27C7B /* Main.storyboard */; };
		F5A052282AC6F00500C27C7B /* HomeView.swift in Sources */ = {isa = PBXBuildFile; fileRef = F5A052272AC6F00500C27C7B /* HomeView.swift */; };
		F5A052352AC6FB4B00C27C7B /* HomeView.xib in Resources */ = {isa = PBXBuildFile; fileRef = F5A052342AC6FB4B00C27C7B /* HomeView.xib */; };
		F5A052392AC7024D00C27C7B /* ReusableView.swift in Sources */ = {isa = PBXBuildFile; fileRef = F5A052382AC7024D00C27C7B /* ReusableView.swift */; };
		F5A0523C2AC7092800C27C7B /* HomeController.swift in Sources */ = {isa = PBXBuildFile; fileRef = F5A0523B2AC7092800C27C7B /* HomeController.swift */; };
		F5A0523F2AC7201800C27C7B /* WelcomeViewFactory.swift in Sources */ = {isa = PBXBuildFile; fileRef = F5A0523E2AC7201800C27C7B /* WelcomeViewFactory.swift */; };
		F5A052412AC7262E00C27C7B /* HomeCoordinator.swift in Sources */ = {isa = PBXBuildFile; fileRef = F5A052402AC7262E00C27C7B /* HomeCoordinator.swift */; };
		F5A052462AC7274E00C27C7B /* HomeFactory.swift in Sources */ = {isa = PBXBuildFile; fileRef = F5A052452AC7274E00C27C7B /* HomeFactory.swift */; };
		F5A0524D2AC72CCA00C27C7B /* HomeModel.swift in Sources */ = {isa = PBXBuildFile; fileRef = F5A0524C2AC72CCA00C27C7B /* HomeModel.swift */; };
		F5A052532AC733B500C27C7B /* HomeViewModel.swift in Sources */ = {isa = PBXBuildFile; fileRef = F5A052522AC733B500C27C7B /* HomeViewModel.swift */; };
		F5A052562AC739AD00C27C7B /* TableViewDataSource.swift in Sources */ = {isa = PBXBuildFile; fileRef = F5A052552AC739AD00C27C7B /* TableViewDataSource.swift */; };
		F5A052582AC739B900C27C7B /* TableSections.swift in Sources */ = {isa = PBXBuildFile; fileRef = F5A052572AC739B900C27C7B /* TableSections.swift */; };
		F5A0525A2AC739D000C27C7B /* TableProtocols.swift in Sources */ = {isa = PBXBuildFile; fileRef = F5A052592AC739D000C27C7B /* TableProtocols.swift */; };
		F5A052652AC73C4C00C27C7B /* HomeCellViewModel.swift in Sources */ = {isa = PBXBuildFile; fileRef = F5A052642AC73C4C00C27C7B /* HomeCellViewModel.swift */; };
		F5A052672AC73CE000C27C7B /* HomeCellSection.swift in Sources */ = {isa = PBXBuildFile; fileRef = F5A052662AC73CE000C27C7B /* HomeCellSection.swift */; };
		F5A052692AC8109A00C27C7B /* UITableView+Reusable.swift in Sources */ = {isa = PBXBuildFile; fileRef = F5A052682AC8109A00C27C7B /* UITableView+Reusable.swift */; };
		F5A0526C2AC8287800C27C7B /* HomeViewCell.swift in Sources */ = {isa = PBXBuildFile; fileRef = F5A0526A2AC8287800C27C7B /* HomeViewCell.swift */; };
		F5A0526D2AC8287800C27C7B /* HomeViewCell.xib in Resources */ = {isa = PBXBuildFile; fileRef = F5A0526B2AC8287800C27C7B /* HomeViewCell.xib */; };
		F5A052712AC839C700C27C7B /* WelcomeViewModel.swift in Sources */ = {isa = PBXBuildFile; fileRef = F5A052702AC839C700C27C7B /* WelcomeViewModel.swift */; };
		F5A052742AC84ECD00C27C7B /* SpendDetail.swift in Sources */ = {isa = PBXBuildFile; fileRef = F5A052732AC84ECD00C27C7B /* SpendDetail.swift */; };
		F5A052762AC8517600C27C7B /* SpendDetails.xib in Resources */ = {isa = PBXBuildFile; fileRef = F5A052752AC8517600C27C7B /* SpendDetails.xib */; };
		F5A0527A2AC8538900C27C7B /* DetailsTableViewCell.swift in Sources */ = {isa = PBXBuildFile; fileRef = F5A052782AC8538900C27C7B /* DetailsTableViewCell.swift */; };
		F5A0527B2AC8538900C27C7B /* DetailsTableViewCell.xib in Resources */ = {isa = PBXBuildFile; fileRef = F5A052792AC8538900C27C7B /* DetailsTableViewCell.xib */; };
		F5A0527D2AC859FF00C27C7B /* DetailsCellSection.swift in Sources */ = {isa = PBXBuildFile; fileRef = F5A0527C2AC859FF00C27C7B /* DetailsCellSection.swift */; };
		F5A0527F2AC85C4C00C27C7B /* DetailsCellViewModel.swift in Sources */ = {isa = PBXBuildFile; fileRef = F5A0527E2AC85C4C00C27C7B /* DetailsCellViewModel.swift */; };
		F5A052812AC93C5200C27C7B /* SpendDetailsController.swift in Sources */ = {isa = PBXBuildFile; fileRef = F5A052802AC93C5200C27C7B /* SpendDetailsController.swift */; };
		F5A052832AC93C6200C27C7B /* SpendingDetailsViewModel.swift in Sources */ = {isa = PBXBuildFile; fileRef = F5A052822AC93C6200C27C7B /* SpendingDetailsViewModel.swift */; };
		F5A052862AC9471E00C27C7B /* DetailsModel.swift in Sources */ = {isa = PBXBuildFile; fileRef = F5A052852AC9471E00C27C7B /* DetailsModel.swift */; };
/* End PBXBuildFile section */

/* Begin PBXContainerItemProxy section */
		F5A051F22AC6C2FC00C27C7B /* PBXContainerItemProxy */ = {
			isa = PBXContainerItemProxy;
			containerPortal = F5A051D02AC6C2FA00C27C7B /* Project object */;
			proxyType = 1;
			remoteGlobalIDString = F5A051D72AC6C2FA00C27C7B;
			remoteInfo = "Rich Step";
		};
		F5A051FC2AC6C2FC00C27C7B /* PBXContainerItemProxy */ = {
			isa = PBXContainerItemProxy;
			containerPortal = F5A051D02AC6C2FA00C27C7B /* Project object */;
			proxyType = 1;
			remoteGlobalIDString = F5A051D72AC6C2FA00C27C7B;
			remoteInfo = "Rich Step";
		};
/* End PBXContainerItemProxy section */

/* Begin PBXFileReference section */
		F5A051D82AC6C2FA00C27C7B /* Rich Step.app */ = {isa = PBXFileReference; explicitFileType = wrapper.application; includeInIndex = 0; path = "Rich Step.app"; sourceTree = BUILT_PRODUCTS_DIR; };
		F5A051DB2AC6C2FA00C27C7B /* AppDelegate.swift */ = {isa = PBXFileReference; lastKnownFileType = sourcecode.swift; path = AppDelegate.swift; sourceTree = "<group>"; };
		F5A051DD2AC6C2FA00C27C7B /* SceneDelegate.swift */ = {isa = PBXFileReference; lastKnownFileType = sourcecode.swift; path = SceneDelegate.swift; sourceTree = "<group>"; };
		F5A051DF2AC6C2FA00C27C7B /* ViewController.swift */ = {isa = PBXFileReference; lastKnownFileType = sourcecode.swift; path = ViewController.swift; sourceTree = "<group>"; };
		F5A051E52AC6C2FA00C27C7B /* Rich_Step.xcdatamodel */ = {isa = PBXFileReference; lastKnownFileType = wrapper.xcdatamodel; path = Rich_Step.xcdatamodel; sourceTree = "<group>"; };
		F5A051E72AC6C2FC00C27C7B /* Assets.xcassets */ = {isa = PBXFileReference; lastKnownFileType = folder.assetcatalog; path = Assets.xcassets; sourceTree = "<group>"; };
		F5A051EA2AC6C2FC00C27C7B /* Base */ = {isa = PBXFileReference; lastKnownFileType = file.storyboard; name = Base; path = Base.lproj/LaunchScreen.storyboard; sourceTree = "<group>"; };
		F5A051EC2AC6C2FC00C27C7B /* Info.plist */ = {isa = PBXFileReference; lastKnownFileType = text.plist.xml; path = Info.plist; sourceTree = "<group>"; };
		F5A051F12AC6C2FC00C27C7B /* Rich StepTests.xctest */ = {isa = PBXFileReference; explicitFileType = wrapper.cfbundle; includeInIndex = 0; path = "Rich StepTests.xctest"; sourceTree = BUILT_PRODUCTS_DIR; };
		F5A051F52AC6C2FC00C27C7B /* Rich_StepTests.swift */ = {isa = PBXFileReference; lastKnownFileType = sourcecode.swift; path = Rich_StepTests.swift; sourceTree = "<group>"; };
		F5A051FB2AC6C2FC00C27C7B /* Rich StepUITests.xctest */ = {isa = PBXFileReference; explicitFileType = wrapper.cfbundle; includeInIndex = 0; path = "Rich StepUITests.xctest"; sourceTree = BUILT_PRODUCTS_DIR; };
		F5A051FF2AC6C2FC00C27C7B /* Rich_StepUITests.swift */ = {isa = PBXFileReference; lastKnownFileType = sourcecode.swift; path = Rich_StepUITests.swift; sourceTree = "<group>"; };
		F5A052012AC6C2FC00C27C7B /* Rich_StepUITestsLaunchTests.swift */ = {isa = PBXFileReference; lastKnownFileType = sourcecode.swift; path = Rich_StepUITestsLaunchTests.swift; sourceTree = "<group>"; };
		F5A052102AC6C3EE00C27C7B /* AppCoordinator.swift */ = {isa = PBXFileReference; lastKnownFileType = sourcecode.swift; path = AppCoordinator.swift; sourceTree = "<group>"; };
		F5A052122AC6C5F400C27C7B /* CoordinatorProtocol.swift */ = {isa = PBXFileReference; lastKnownFileType = sourcecode.swift; path = CoordinatorProtocol.swift; sourceTree = "<group>"; };
		F5A052142AC6C69000C27C7B /* WelcomeViewCoordinator.swift */ = {isa = PBXFileReference; lastKnownFileType = sourcecode.swift; path = WelcomeViewCoordinator.swift; sourceTree = "<group>"; };
		F5A0521B2AC6C99200C27C7B /* WelcomeViewController.swift */ = {isa = PBXFileReference; lastKnownFileType = sourcecode.swift; path = WelcomeViewController.swift; sourceTree = "<group>"; };
		F5A0521D2AC6CB2700C27C7B /* WelcomeView.xib */ = {isa = PBXFileReference; lastKnownFileType = file.xib; path = WelcomeView.xib; sourceTree = "<group>"; };
		F5A0521F2AC6CB4D00C27C7B /* WelcomeView.swift */ = {isa = PBXFileReference; lastKnownFileType = sourcecode.swift; path = WelcomeView.swift; sourceTree = "<group>"; };
		F5A052222AC6CD8700C27C7B /* UIView+Nib.swift */ = {isa = PBXFileReference; lastKnownFileType = sourcecode.swift; path = "UIView+Nib.swift"; sourceTree = "<group>"; };
		F5A052242AC6E05800C27C7B /* Main.storyboard */ = {isa = PBXFileReference; fileEncoding = 4; lastKnownFileType = file.storyboard; path = Main.storyboard; sourceTree = "<group>"; };
		F5A052272AC6F00500C27C7B /* HomeView.swift */ = {isa = PBXFileReference; lastKnownFileType = sourcecode.swift; path = HomeView.swift; sourceTree = "<group>"; };
		F5A052342AC6FB4B00C27C7B /* HomeView.xib */ = {isa = PBXFileReference; lastKnownFileType = file.xib; path = HomeView.xib; sourceTree = "<group>"; };
		F5A052382AC7024D00C27C7B /* ReusableView.swift */ = {isa = PBXFileReference; lastKnownFileType = sourcecode.swift; path = ReusableView.swift; sourceTree = "<group>"; };
		F5A0523B2AC7092800C27C7B /* HomeController.swift */ = {isa = PBXFileReference; lastKnownFileType = sourcecode.swift; path = HomeController.swift; sourceTree = "<group>"; };
		F5A0523E2AC7201800C27C7B /* WelcomeViewFactory.swift */ = {isa = PBXFileReference; lastKnownFileType = sourcecode.swift; path = WelcomeViewFactory.swift; sourceTree = "<group>"; };
		F5A052402AC7262E00C27C7B /* HomeCoordinator.swift */ = {isa = PBXFileReference; lastKnownFileType = sourcecode.swift; path = HomeCoordinator.swift; sourceTree = "<group>"; };
		F5A052452AC7274E00C27C7B /* HomeFactory.swift */ = {isa = PBXFileReference; lastKnownFileType = sourcecode.swift; path = HomeFactory.swift; sourceTree = "<group>"; };
		F5A0524C2AC72CCA00C27C7B /* HomeModel.swift */ = {isa = PBXFileReference; lastKnownFileType = sourcecode.swift; path = HomeModel.swift; sourceTree = "<group>"; };
		F5A052522AC733B500C27C7B /* HomeViewModel.swift */ = {isa = PBXFileReference; lastKnownFileType = sourcecode.swift; path = HomeViewModel.swift; sourceTree = "<group>"; };
		F5A052552AC739AD00C27C7B /* TableViewDataSource.swift */ = {isa = PBXFileReference; lastKnownFileType = sourcecode.swift; path = TableViewDataSource.swift; sourceTree = "<group>"; };
		F5A052572AC739B900C27C7B /* TableSections.swift */ = {isa = PBXFileReference; lastKnownFileType = sourcecode.swift; path = TableSections.swift; sourceTree = "<group>"; };
		F5A052592AC739D000C27C7B /* TableProtocols.swift */ = {isa = PBXFileReference; lastKnownFileType = sourcecode.swift; path = TableProtocols.swift; sourceTree = "<group>"; };
		F5A052642AC73C4C00C27C7B /* HomeCellViewModel.swift */ = {isa = PBXFileReference; lastKnownFileType = sourcecode.swift; path = HomeCellViewModel.swift; sourceTree = "<group>"; };
		F5A052662AC73CE000C27C7B /* HomeCellSection.swift */ = {isa = PBXFileReference; lastKnownFileType = sourcecode.swift; path = HomeCellSection.swift; sourceTree = "<group>"; };
		F5A052682AC8109A00C27C7B /* UITableView+Reusable.swift */ = {isa = PBXFileReference; lastKnownFileType = sourcecode.swift; path = "UITableView+Reusable.swift"; sourceTree = "<group>"; };
		F5A0526A2AC8287800C27C7B /* HomeViewCell.swift */ = {isa = PBXFileReference; lastKnownFileType = sourcecode.swift; path = HomeViewCell.swift; sourceTree = "<group>"; };
		F5A0526B2AC8287800C27C7B /* HomeViewCell.xib */ = {isa = PBXFileReference; lastKnownFileType = file.xib; path = HomeViewCell.xib; sourceTree = "<group>"; };
		F5A052702AC839C700C27C7B /* WelcomeViewModel.swift */ = {isa = PBXFileReference; lastKnownFileType = sourcecode.swift; path = WelcomeViewModel.swift; sourceTree = "<group>"; };
		F5A052732AC84ECD00C27C7B /* SpendDetail.swift */ = {isa = PBXFileReference; lastKnownFileType = sourcecode.swift; path = SpendDetail.swift; sourceTree = "<group>"; };
		F5A052752AC8517600C27C7B /* SpendDetails.xib */ = {isa = PBXFileReference; lastKnownFileType = file.xib; path = SpendDetails.xib; sourceTree = "<group>"; };
		F5A052782AC8538900C27C7B /* DetailsTableViewCell.swift */ = {isa = PBXFileReference; lastKnownFileType = sourcecode.swift; path = DetailsTableViewCell.swift; sourceTree = "<group>"; };
		F5A052792AC8538900C27C7B /* DetailsTableViewCell.xib */ = {isa = PBXFileReference; lastKnownFileType = file.xib; path = DetailsTableViewCell.xib; sourceTree = "<group>"; };
		F5A0527C2AC859FF00C27C7B /* DetailsCellSection.swift */ = {isa = PBXFileReference; lastKnownFileType = sourcecode.swift; path = DetailsCellSection.swift; sourceTree = "<group>"; };
		F5A0527E2AC85C4C00C27C7B /* DetailsCellViewModel.swift */ = {isa = PBXFileReference; lastKnownFileType = sourcecode.swift; path = DetailsCellViewModel.swift; sourceTree = "<group>"; };
		F5A052802AC93C5200C27C7B /* SpendDetailsController.swift */ = {isa = PBXFileReference; lastKnownFileType = sourcecode.swift; path = SpendDetailsController.swift; sourceTree = "<group>"; };
		F5A052822AC93C6200C27C7B /* SpendingDetailsViewModel.swift */ = {isa = PBXFileReference; lastKnownFileType = sourcecode.swift; path = SpendingDetailsViewModel.swift; sourceTree = "<group>"; };
		F5A052852AC9471E00C27C7B /* DetailsModel.swift */ = {isa = PBXFileReference; lastKnownFileType = sourcecode.swift; path = DetailsModel.swift; sourceTree = "<group>"; };
/* End PBXFileReference section */

/* Begin PBXFrameworksBuildPhase section */
		F5A051D52AC6C2FA00C27C7B /* Frameworks */ = {
			isa = PBXFrameworksBuildPhase;
			buildActionMask = 2147483647;
			files = (
			);
			runOnlyForDeploymentPostprocessing = 0;
		};
		F5A051EE2AC6C2FC00C27C7B /* Frameworks */ = {
			isa = PBXFrameworksBuildPhase;
			buildActionMask = 2147483647;
			files = (
			);
			runOnlyForDeploymentPostprocessing = 0;
		};
		F5A051F82AC6C2FC00C27C7B /* Frameworks */ = {
			isa = PBXFrameworksBuildPhase;
			buildActionMask = 2147483647;
			files = (
			);
			runOnlyForDeploymentPostprocessing = 0;
		};
/* End PBXFrameworksBuildPhase section */

/* Begin PBXGroup section */
		F5A051CF2AC6C2FA00C27C7B = {
			isa = PBXGroup;
			children = (
				F5A051DA2AC6C2FA00C27C7B /* Rich Step */,
				F5A051F42AC6C2FC00C27C7B /* Rich StepTests */,
				F5A051FE2AC6C2FC00C27C7B /* Rich StepUITests */,
				F5A051D92AC6C2FA00C27C7B /* Products */,
			);
			sourceTree = "<group>";
		};
		F5A051D92AC6C2FA00C27C7B /* Products */ = {
			isa = PBXGroup;
			children = (
				F5A051D82AC6C2FA00C27C7B /* Rich Step.app */,
				F5A051F12AC6C2FC00C27C7B /* Rich StepTests.xctest */,
				F5A051FB2AC6C2FC00C27C7B /* Rich StepUITests.xctest */,
			);
			name = Products;
			sourceTree = "<group>";
		};
		F5A051DA2AC6C2FA00C27C7B /* Rich Step */ = {
			isa = PBXGroup;
			children = (
				F5A0521A2AC6C91400C27C7B /* Features */,
				F5A0520F2AC6C3D000C27C7B /* Coordinator */,
				F5A0520E2AC6C39E00C27C7B /* Support */,
				F5A051DB2AC6C2FA00C27C7B /* AppDelegate.swift */,
				F5A051DD2AC6C2FA00C27C7B /* SceneDelegate.swift */,
				F5A051DF2AC6C2FA00C27C7B /* ViewController.swift */,
				F5A052242AC6E05800C27C7B /* Main.storyboard */,
				F5A051E72AC6C2FC00C27C7B /* Assets.xcassets */,
				F5A051E92AC6C2FC00C27C7B /* LaunchScreen.storyboard */,
				F5A051EC2AC6C2FC00C27C7B /* Info.plist */,
				F5A051E42AC6C2FA00C27C7B /* Rich_Step.xcdatamodeld */,
			);
			path = "Rich Step";
			sourceTree = "<group>";
		};
		F5A051F42AC6C2FC00C27C7B /* Rich StepTests */ = {
			isa = PBXGroup;
			children = (
				F5A051F52AC6C2FC00C27C7B /* Rich_StepTests.swift */,
			);
			path = "Rich StepTests";
			sourceTree = "<group>";
		};
		F5A051FE2AC6C2FC00C27C7B /* Rich StepUITests */ = {
			isa = PBXGroup;
			children = (
				F5A051FF2AC6C2FC00C27C7B /* Rich_StepUITests.swift */,
				F5A052012AC6C2FC00C27C7B /* Rich_StepUITestsLaunchTests.swift */,
			);
			path = "Rich StepUITests";
			sourceTree = "<group>";
		};
		F5A0520E2AC6C39E00C27C7B /* Support */ = {
			isa = PBXGroup;
			children = (
				F5A052542AC7399B00C27C7B /* TableView */,
				F5A0523D2AC71E4700C27C7B /* Factories */,
				F5A052212AC6CD5700C27C7B /* Reusable */,
			);
			path = Support;
			sourceTree = "<group>";
		};
		F5A0520F2AC6C3D000C27C7B /* Coordinator */ = {
			isa = PBXGroup;
			children = (
				F5A052102AC6C3EE00C27C7B /* AppCoordinator.swift */,
				F5A052122AC6C5F400C27C7B /* CoordinatorProtocol.swift */,
				F5A052142AC6C69000C27C7B /* WelcomeViewCoordinator.swift */,
				F5A052402AC7262E00C27C7B /* HomeCoordinator.swift */,
			);
			path = Coordinator;
			sourceTree = "<group>";
		};
		F5A0521A2AC6C91400C27C7B /* Features */ = {
			isa = PBXGroup;
			children = (
				F5A052292AC6F03000C27C7B /* Welcome View */,
				F5A052262AC6E93100C27C7B /* Home */,
				F5A052722AC84E6100C27C7B /* Spend Details */,
			);
			path = Features;
			sourceTree = "<group>";
		};
		F5A052212AC6CD5700C27C7B /* Reusable */ = {
			isa = PBXGroup;
			children = (
				F5A052222AC6CD8700C27C7B /* UIView+Nib.swift */,
				F5A052382AC7024D00C27C7B /* ReusableView.swift */,
				F5A052682AC8109A00C27C7B /* UITableView+Reusable.swift */,
			);
			path = Reusable;
			sourceTree = "<group>";
		};
		F5A052262AC6E93100C27C7B /* Home */ = {
			isa = PBXGroup;
			children = (
				F5A0524B2AC72C8E00C27C7B /* Model */,
				F5A0525B2AC73A5000C27C7B /* HomeViewCell */,
				F5A052342AC6FB4B00C27C7B /* HomeView.xib */,
				F5A052272AC6F00500C27C7B /* HomeView.swift */,
				F5A052522AC733B500C27C7B /* HomeViewModel.swift */,
				F5A0523B2AC7092800C27C7B /* HomeController.swift */,
			);
			path = Home;
			sourceTree = "<group>";
		};
		F5A052292AC6F03000C27C7B /* Welcome View */ = {
			isa = PBXGroup;
			children = (
				F5A0521D2AC6CB2700C27C7B /* WelcomeView.xib */,
				F5A0521F2AC6CB4D00C27C7B /* WelcomeView.swift */,
				F5A0521B2AC6C99200C27C7B /* WelcomeViewController.swift */,
				F5A052702AC839C700C27C7B /* WelcomeViewModel.swift */,
			);
			path = "Welcome View";
			sourceTree = "<group>";
		};
		F5A0523D2AC71E4700C27C7B /* Factories */ = {
			isa = PBXGroup;
			children = (
				F5A0523E2AC7201800C27C7B /* WelcomeViewFactory.swift */,
				F5A052452AC7274E00C27C7B /* HomeFactory.swift */,
			);
			path = Factories;
			sourceTree = "<group>";
		};
		F5A0524B2AC72C8E00C27C7B /* Model */ = {
			isa = PBXGroup;
			children = (
				F5A0524C2AC72CCA00C27C7B /* HomeModel.swift */,
			);
			path = Model;
			sourceTree = "<group>";
		};
		F5A052542AC7399B00C27C7B /* TableView */ = {
			isa = PBXGroup;
			children = (
				F5A052552AC739AD00C27C7B /* TableViewDataSource.swift */,
				F5A052572AC739B900C27C7B /* TableSections.swift */,
				F5A052592AC739D000C27C7B /* TableProtocols.swift */,
			);
			path = TableView;
			sourceTree = "<group>";
		};
		F5A0525B2AC73A5000C27C7B /* HomeViewCell */ = {
			isa = PBXGroup;
			children = (
				F5A0526B2AC8287800C27C7B /* HomeViewCell.xib */,
				F5A0526A2AC8287800C27C7B /* HomeViewCell.swift */,
				F5A052662AC73CE000C27C7B /* HomeCellSection.swift */,
				F5A052642AC73C4C00C27C7B /* HomeCellViewModel.swift */,
			);
			path = HomeViewCell;
			sourceTree = "<group>";
		};
		F5A052722AC84E6100C27C7B /* Spend Details */ = {
			isa = PBXGroup;
			children = (
				F5A052842AC946F900C27C7B /* Model */,
				F5A052772AC8531000C27C7B /* DetailsCell */,
				F5A052752AC8517600C27C7B /* SpendDetails.xib */,
				F5A052732AC84ECD00C27C7B /* SpendDetail.swift */,
				F5A052802AC93C5200C27C7B /* SpendDetailsController.swift */,
				F5A052822AC93C6200C27C7B /* SpendingDetailsViewModel.swift */,
			);
			path = "Spend Details";
			sourceTree = "<group>";
		};
		F5A052772AC8531000C27C7B /* DetailsCell */ = {
			isa = PBXGroup;
			children = (
				F5A052792AC8538900C27C7B /* DetailsTableViewCell.xib */,
				F5A052782AC8538900C27C7B /* DetailsTableViewCell.swift */,
				F5A0527C2AC859FF00C27C7B /* DetailsCellSection.swift */,
				F5A0527E2AC85C4C00C27C7B /* DetailsCellViewModel.swift */,
			);
			path = DetailsCell;
			sourceTree = "<group>";
		};
		F5A052842AC946F900C27C7B /* Model */ = {
			isa = PBXGroup;
			children = (
				F5A052852AC9471E00C27C7B /* DetailsModel.swift */,
			);
			path = Model;
			sourceTree = "<group>";
		};
/* End PBXGroup section */

/* Begin PBXNativeTarget section */
		F5A051D72AC6C2FA00C27C7B /* Rich Step */ = {
			isa = PBXNativeTarget;
			buildConfigurationList = F5A052052AC6C2FC00C27C7B /* Build configuration list for PBXNativeTarget "Rich Step" */;
			buildPhases = (
				F5A051D42AC6C2FA00C27C7B /* Sources */,
				F5A051D52AC6C2FA00C27C7B /* Frameworks */,
				F5A051D62AC6C2FA00C27C7B /* Resources */,
			);
			buildRules = (
			);
			dependencies = (
			);
			name = "Rich Step";
			productName = "Rich Step";
			productReference = F5A051D82AC6C2FA00C27C7B /* Rich Step.app */;
			productType = "com.apple.product-type.application";
		};
		F5A051F02AC6C2FC00C27C7B /* Rich StepTests */ = {
			isa = PBXNativeTarget;
			buildConfigurationList = F5A052082AC6C2FC00C27C7B /* Build configuration list for PBXNativeTarget "Rich StepTests" */;
			buildPhases = (
				F5A051ED2AC6C2FC00C27C7B /* Sources */,
				F5A051EE2AC6C2FC00C27C7B /* Frameworks */,
				F5A051EF2AC6C2FC00C27C7B /* Resources */,
			);
			buildRules = (
			);
			dependencies = (
				F5A051F32AC6C2FC00C27C7B /* PBXTargetDependency */,
			);
			name = "Rich StepTests";
			productName = "Rich StepTests";
			productReference = F5A051F12AC6C2FC00C27C7B /* Rich StepTests.xctest */;
			productType = "com.apple.product-type.bundle.unit-test";
		};
		F5A051FA2AC6C2FC00C27C7B /* Rich StepUITests */ = {
			isa = PBXNativeTarget;
			buildConfigurationList = F5A0520B2AC6C2FC00C27C7B /* Build configuration list for PBXNativeTarget "Rich StepUITests" */;
			buildPhases = (
				F5A051F72AC6C2FC00C27C7B /* Sources */,
				F5A051F82AC6C2FC00C27C7B /* Frameworks */,
				F5A051F92AC6C2FC00C27C7B /* Resources */,
			);
			buildRules = (
			);
			dependencies = (
				F5A051FD2AC6C2FC00C27C7B /* PBXTargetDependency */,
			);
			name = "Rich StepUITests";
			productName = "Rich StepUITests";
			productReference = F5A051FB2AC6C2FC00C27C7B /* Rich StepUITests.xctest */;
			productType = "com.apple.product-type.bundle.ui-testing";
		};
/* End PBXNativeTarget section */

/* Begin PBXProject section */
		F5A051D02AC6C2FA00C27C7B /* Project object */ = {
			isa = PBXProject;
			attributes = {
				BuildIndependentTargetsInParallel = 1;
				LastSwiftUpdateCheck = 1340;
				LastUpgradeCheck = 1340;
				TargetAttributes = {
					F5A051D72AC6C2FA00C27C7B = {
						CreatedOnToolsVersion = 13.4.1;
					};
					F5A051F02AC6C2FC00C27C7B = {
						CreatedOnToolsVersion = 13.4.1;
						TestTargetID = F5A051D72AC6C2FA00C27C7B;
					};
					F5A051FA2AC6C2FC00C27C7B = {
						CreatedOnToolsVersion = 13.4.1;
						TestTargetID = F5A051D72AC6C2FA00C27C7B;
					};
				};
			};
			buildConfigurationList = F5A051D32AC6C2FA00C27C7B /* Build configuration list for PBXProject "Rich Step" */;
			compatibilityVersion = "Xcode 13.0";
			developmentRegion = en;
			hasScannedForEncodings = 0;
			knownRegions = (
				en,
				Base,
			);
			mainGroup = F5A051CF2AC6C2FA00C27C7B;
			productRefGroup = F5A051D92AC6C2FA00C27C7B /* Products */;
			projectDirPath = "";
			projectRoot = "";
			targets = (
				F5A051D72AC6C2FA00C27C7B /* Rich Step */,
				F5A051F02AC6C2FC00C27C7B /* Rich StepTests */,
				F5A051FA2AC6C2FC00C27C7B /* Rich StepUITests */,
			);
		};
/* End PBXProject section */

/* Begin PBXResourcesBuildPhase section */
		F5A051D62AC6C2FA00C27C7B /* Resources */ = {
			isa = PBXResourcesBuildPhase;
			buildActionMask = 2147483647;
			files = (
				F5A0521E2AC6CB2700C27C7B /* WelcomeView.xib in Resources */,
				F5A051EB2AC6C2FC00C27C7B /* LaunchScreen.storyboard in Resources */,
				F5A051E82AC6C2FC00C27C7B /* Assets.xcassets in Resources */,
				F5A0526D2AC8287800C27C7B /* HomeViewCell.xib in Resources */,
				F5A0527B2AC8538900C27C7B /* DetailsTableViewCell.xib in Resources */,
				F5A052762AC8517600C27C7B /* SpendDetails.xib in Resources */,
				F5A052252AC6E05800C27C7B /* Main.storyboard in Resources */,
				F5A052352AC6FB4B00C27C7B /* HomeView.xib in Resources */,
			);
			runOnlyForDeploymentPostprocessing = 0;
		};
		F5A051EF2AC6C2FC00C27C7B /* Resources */ = {
			isa = PBXResourcesBuildPhase;
			buildActionMask = 2147483647;
			files = (
			);
			runOnlyForDeploymentPostprocessing = 0;
		};
		F5A051F92AC6C2FC00C27C7B /* Resources */ = {
			isa = PBXResourcesBuildPhase;
			buildActionMask = 2147483647;
			files = (
			);
			runOnlyForDeploymentPostprocessing = 0;
		};
/* End PBXResourcesBuildPhase section */

/* Begin PBXSourcesBuildPhase section */
		F5A051D42AC6C2FA00C27C7B /* Sources */ = {
			isa = PBXSourcesBuildPhase;
			buildActionMask = 2147483647;
			files = (
				F5A052202AC6CB4D00C27C7B /* WelcomeView.swift in Sources */,
				F5A052462AC7274E00C27C7B /* HomeFactory.swift in Sources */,
				F5A052582AC739B900C27C7B /* TableSections.swift in Sources */,
				F5A052832AC93C6200C27C7B /* SpendingDetailsViewModel.swift in Sources */,
				F5A051E02AC6C2FA00C27C7B /* ViewController.swift in Sources */,
				F5A051DC2AC6C2FA00C27C7B /* AppDelegate.swift in Sources */,
				F5A052132AC6C5F400C27C7B /* CoordinatorProtocol.swift in Sources */,
				F5A052672AC73CE000C27C7B /* HomeCellSection.swift in Sources */,
				F5A052112AC6C3EE00C27C7B /* AppCoordinator.swift in Sources */,
				F5A0527A2AC8538900C27C7B /* DetailsTableViewCell.swift in Sources */,
				F5A0527F2AC85C4C00C27C7B /* DetailsCellViewModel.swift in Sources */,
				F5A0521C2AC6C99200C27C7B /* WelcomeViewController.swift in Sources */,
				F5A052152AC6C69000C27C7B /* WelcomeViewCoordinator.swift in Sources */,
				F5A052812AC93C5200C27C7B /* SpendDetailsController.swift in Sources */,
				F5A0523F2AC7201800C27C7B /* WelcomeViewFactory.swift in Sources */,
				F5A052562AC739AD00C27C7B /* TableViewDataSource.swift in Sources */,
				F5A0523C2AC7092800C27C7B /* HomeController.swift in Sources */,
				F5A0525A2AC739D000C27C7B /* TableProtocols.swift in Sources */,
				F5A0524D2AC72CCA00C27C7B /* HomeModel.swift in Sources */,
				F5A052712AC839C700C27C7B /* WelcomeViewModel.swift in Sources */,
				F5A052232AC6CD8700C27C7B /* UIView+Nib.swift in Sources */,
				F5A052412AC7262E00C27C7B /* HomeCoordinator.swift in Sources */,
				F5A0526C2AC8287800C27C7B /* HomeViewCell.swift in Sources */,
				F5A052742AC84ECD00C27C7B /* SpendDetail.swift in Sources */,
				F5A0527D2AC859FF00C27C7B /* DetailsCellSection.swift in Sources */,
				F5A051DE2AC6C2FA00C27C7B /* SceneDelegate.swift in Sources */,
				F5A052692AC8109A00C27C7B /* UITableView+Reusable.swift in Sources */,
				F5A052282AC6F00500C27C7B /* HomeView.swift in Sources */,
				F5A052862AC9471E00C27C7B /* DetailsModel.swift in Sources */,
				F5A052392AC7024D00C27C7B /* ReusableView.swift in Sources */,
				F5A052532AC733B500C27C7B /* HomeViewModel.swift in Sources */,
				F5A052652AC73C4C00C27C7B /* HomeCellViewModel.swift in Sources */,
				F5A051E62AC6C2FA00C27C7B /* Rich_Step.xcdatamodeld in Sources */,
			);
			runOnlyForDeploymentPostprocessing = 0;
		};
		F5A051ED2AC6C2FC00C27C7B /* Sources */ = {
			isa = PBXSourcesBuildPhase;
			buildActionMask = 2147483647;
			files = (
				F5A051F62AC6C2FC00C27C7B /* Rich_StepTests.swift in Sources */,
			);
			runOnlyForDeploymentPostprocessing = 0;
		};
		F5A051F72AC6C2FC00C27C7B /* Sources */ = {
			isa = PBXSourcesBuildPhase;
			buildActionMask = 2147483647;
			files = (
				F5A052022AC6C2FC00C27C7B /* Rich_StepUITestsLaunchTests.swift in Sources */,
				F5A052002AC6C2FC00C27C7B /* Rich_StepUITests.swift in Sources */,
			);
			runOnlyForDeploymentPostprocessing = 0;
		};
/* End PBXSourcesBuildPhase section */

/* Begin PBXTargetDependency section */
		F5A051F32AC6C2FC00C27C7B /* PBXTargetDependency */ = {
			isa = PBXTargetDependency;
			target = F5A051D72AC6C2FA00C27C7B /* Rich Step */;
			targetProxy = F5A051F22AC6C2FC00C27C7B /* PBXContainerItemProxy */;
		};
		F5A051FD2AC6C2FC00C27C7B /* PBXTargetDependency */ = {
			isa = PBXTargetDependency;
			target = F5A051D72AC6C2FA00C27C7B /* Rich Step */;
			targetProxy = F5A051FC2AC6C2FC00C27C7B /* PBXContainerItemProxy */;
		};
/* End PBXTargetDependency section */

/* Begin PBXVariantGroup section */
		F5A051E92AC6C2FC00C27C7B /* LaunchScreen.storyboard */ = {
			isa = PBXVariantGroup;
			children = (
				F5A051EA2AC6C2FC00C27C7B /* Base */,
			);
			name = LaunchScreen.storyboard;
			sourceTree = "<group>";
		};
/* End PBXVariantGroup section */

/* Begin XCBuildConfiguration section */
		F5A052032AC6C2FC00C27C7B /* Debug */ = {
			isa = XCBuildConfiguration;
			buildSettings = {
				ALWAYS_SEARCH_USER_PATHS = NO;
				CLANG_ANALYZER_NONNULL = YES;
				CLANG_ANALYZER_NUMBER_OBJECT_CONVERSION = YES_AGGRESSIVE;
				CLANG_CXX_LANGUAGE_STANDARD = "gnu++17";
				CLANG_ENABLE_MODULES = YES;
				CLANG_ENABLE_OBJC_ARC = YES;
				CLANG_ENABLE_OBJC_WEAK = YES;
				CLANG_WARN_BLOCK_CAPTURE_AUTORELEASING = YES;
				CLANG_WARN_BOOL_CONVERSION = YES;
				CLANG_WARN_COMMA = YES;
				CLANG_WARN_CONSTANT_CONVERSION = YES;
				CLANG_WARN_DEPRECATED_OBJC_IMPLEMENTATIONS = YES;
				CLANG_WARN_DIRECT_OBJC_ISA_USAGE = YES_ERROR;
				CLANG_WARN_DOCUMENTATION_COMMENTS = YES;
				CLANG_WARN_EMPTY_BODY = YES;
				CLANG_WARN_ENUM_CONVERSION = YES;
				CLANG_WARN_INFINITE_RECURSION = YES;
				CLANG_WARN_INT_CONVERSION = YES;
				CLANG_WARN_NON_LITERAL_NULL_CONVERSION = YES;
				CLANG_WARN_OBJC_IMPLICIT_RETAIN_SELF = YES;
				CLANG_WARN_OBJC_LITERAL_CONVERSION = YES;
				CLANG_WARN_OBJC_ROOT_CLASS = YES_ERROR;
				CLANG_WARN_QUOTED_INCLUDE_IN_FRAMEWORK_HEADER = YES;
				CLANG_WARN_RANGE_LOOP_ANALYSIS = YES;
				CLANG_WARN_STRICT_PROTOTYPES = YES;
				CLANG_WARN_SUSPICIOUS_MOVE = YES;
				CLANG_WARN_UNGUARDED_AVAILABILITY = YES_AGGRESSIVE;
				CLANG_WARN_UNREACHABLE_CODE = YES;
				CLANG_WARN__DUPLICATE_METHOD_MATCH = YES;
				COPY_PHASE_STRIP = NO;
				DEBUG_INFORMATION_FORMAT = dwarf;
				ENABLE_STRICT_OBJC_MSGSEND = YES;
				ENABLE_TESTABILITY = YES;
				GCC_C_LANGUAGE_STANDARD = gnu11;
				GCC_DYNAMIC_NO_PIC = NO;
				GCC_NO_COMMON_BLOCKS = YES;
				GCC_OPTIMIZATION_LEVEL = 0;
				GCC_PREPROCESSOR_DEFINITIONS = (
					"DEBUG=1",
					"$(inherited)",
				);
				GCC_WARN_64_TO_32_BIT_CONVERSION = YES;
				GCC_WARN_ABOUT_RETURN_TYPE = YES_ERROR;
				GCC_WARN_UNDECLARED_SELECTOR = YES;
				GCC_WARN_UNINITIALIZED_AUTOS = YES_AGGRESSIVE;
				GCC_WARN_UNUSED_FUNCTION = YES;
				GCC_WARN_UNUSED_VARIABLE = YES;
				IPHONEOS_DEPLOYMENT_TARGET = 15.5;
				MTL_ENABLE_DEBUG_INFO = INCLUDE_SOURCE;
				MTL_FAST_MATH = YES;
				ONLY_ACTIVE_ARCH = YES;
				SDKROOT = iphoneos;
				SWIFT_ACTIVE_COMPILATION_CONDITIONS = DEBUG;
				SWIFT_OPTIMIZATION_LEVEL = "-Onone";
			};
			name = Debug;
		};
		F5A052042AC6C2FC00C27C7B /* Release */ = {
			isa = XCBuildConfiguration;
			buildSettings = {
				ALWAYS_SEARCH_USER_PATHS = NO;
				CLANG_ANALYZER_NONNULL = YES;
				CLANG_ANALYZER_NUMBER_OBJECT_CONVERSION = YES_AGGRESSIVE;
				CLANG_CXX_LANGUAGE_STANDARD = "gnu++17";
				CLANG_ENABLE_MODULES = YES;
				CLANG_ENABLE_OBJC_ARC = YES;
				CLANG_ENABLE_OBJC_WEAK = YES;
				CLANG_WARN_BLOCK_CAPTURE_AUTORELEASING = YES;
				CLANG_WARN_BOOL_CONVERSION = YES;
				CLANG_WARN_COMMA = YES;
				CLANG_WARN_CONSTANT_CONVERSION = YES;
				CLANG_WARN_DEPRECATED_OBJC_IMPLEMENTATIONS = YES;
				CLANG_WARN_DIRECT_OBJC_ISA_USAGE = YES_ERROR;
				CLANG_WARN_DOCUMENTATION_COMMENTS = YES;
				CLANG_WARN_EMPTY_BODY = YES;
				CLANG_WARN_ENUM_CONVERSION = YES;
				CLANG_WARN_INFINITE_RECURSION = YES;
				CLANG_WARN_INT_CONVERSION = YES;
				CLANG_WARN_NON_LITERAL_NULL_CONVERSION = YES;
				CLANG_WARN_OBJC_IMPLICIT_RETAIN_SELF = YES;
				CLANG_WARN_OBJC_LITERAL_CONVERSION = YES;
				CLANG_WARN_OBJC_ROOT_CLASS = YES_ERROR;
				CLANG_WARN_QUOTED_INCLUDE_IN_FRAMEWORK_HEADER = YES;
				CLANG_WARN_RANGE_LOOP_ANALYSIS = YES;
				CLANG_WARN_STRICT_PROTOTYPES = YES;
				CLANG_WARN_SUSPICIOUS_MOVE = YES;
				CLANG_WARN_UNGUARDED_AVAILABILITY = YES_AGGRESSIVE;
				CLANG_WARN_UNREACHABLE_CODE = YES;
				CLANG_WARN__DUPLICATE_METHOD_MATCH = YES;
				COPY_PHASE_STRIP = NO;
				DEBUG_INFORMATION_FORMAT = "dwarf-with-dsym";
				ENABLE_NS_ASSERTIONS = NO;
				ENABLE_STRICT_OBJC_MSGSEND = YES;
				GCC_C_LANGUAGE_STANDARD = gnu11;
				GCC_NO_COMMON_BLOCKS = YES;
				GCC_WARN_64_TO_32_BIT_CONVERSION = YES;
				GCC_WARN_ABOUT_RETURN_TYPE = YES_ERROR;
				GCC_WARN_UNDECLARED_SELECTOR = YES;
				GCC_WARN_UNINITIALIZED_AUTOS = YES_AGGRESSIVE;
				GCC_WARN_UNUSED_FUNCTION = YES;
				GCC_WARN_UNUSED_VARIABLE = YES;
				IPHONEOS_DEPLOYMENT_TARGET = 15.5;
				MTL_ENABLE_DEBUG_INFO = NO;
				MTL_FAST_MATH = YES;
				SDKROOT = iphoneos;
				SWIFT_COMPILATION_MODE = wholemodule;
				SWIFT_OPTIMIZATION_LEVEL = "-O";
				VALIDATE_PRODUCT = YES;
			};
			name = Release;
		};
		F5A052062AC6C2FC00C27C7B /* Debug */ = {
			isa = XCBuildConfiguration;
			buildSettings = {
				ASSETCATALOG_COMPILER_APPICON_NAME = AppIcon;
				ASSETCATALOG_COMPILER_GLOBAL_ACCENT_COLOR_NAME = AccentColor;
				CODE_SIGN_STYLE = Automatic;
				CURRENT_PROJECT_VERSION = 1;
				DEVELOPMENT_TEAM = W7WH5L7Z64;
				GENERATE_INFOPLIST_FILE = YES;
				INFOPLIST_FILE = "Rich Step/Info.plist";
				INFOPLIST_KEY_UIApplicationSupportsIndirectInputEvents = YES;
				INFOPLIST_KEY_UILaunchStoryboardName = LaunchScreen;
				INFOPLIST_KEY_UIMainStoryboardFile = Main;
				INFOPLIST_KEY_UISupportedInterfaceOrientations_iPad = "UIInterfaceOrientationPortrait UIInterfaceOrientationPortraitUpsideDown UIInterfaceOrientationLandscapeLeft UIInterfaceOrientationLandscapeRight";
				INFOPLIST_KEY_UISupportedInterfaceOrientations_iPhone = "UIInterfaceOrientationPortrait UIInterfaceOrientationLandscapeLeft UIInterfaceOrientationLandscapeRight";
				LD_RUNPATH_SEARCH_PATHS = (
					"$(inherited)",
					"@executable_path/Frameworks",
				);
				MARKETING_VERSION = 1.0;
				PRODUCT_BUNDLE_IDENTIFIER = "com.test.Rich-Step";
				PRODUCT_NAME = "$(TARGET_NAME)";
				SWIFT_EMIT_LOC_STRINGS = YES;
				SWIFT_VERSION = 5.0;
				TARGETED_DEVICE_FAMILY = "1,2";
			};
			name = Debug;
		};
		F5A052072AC6C2FC00C27C7B /* Release */ = {
			isa = XCBuildConfiguration;
			buildSettings = {
				ASSETCATALOG_COMPILER_APPICON_NAME = AppIcon;
				ASSETCATALOG_COMPILER_GLOBAL_ACCENT_COLOR_NAME = AccentColor;
				CODE_SIGN_STYLE = Automatic;
				CURRENT_PROJECT_VERSION = 1;
				DEVELOPMENT_TEAM = W7WH5L7Z64;
				GENERATE_INFOPLIST_FILE = YES;
				INFOPLIST_FILE = "Rich Step/Info.plist";
				INFOPLIST_KEY_UIApplicationSupportsIndirectInputEvents = YES;
				INFOPLIST_KEY_UILaunchStoryboardName = LaunchScreen;
				INFOPLIST_KEY_UIMainStoryboardFile = Main;
				INFOPLIST_KEY_UISupportedInterfaceOrientations_iPad = "UIInterfaceOrientationPortrait UIInterfaceOrientationPortraitUpsideDown UIInterfaceOrientationLandscapeLeft UIInterfaceOrientationLandscapeRight";
				INFOPLIST_KEY_UISupportedInterfaceOrientations_iPhone = "UIInterfaceOrientationPortrait UIInterfaceOrientationLandscapeLeft UIInterfaceOrientationLandscapeRight";
				LD_RUNPATH_SEARCH_PATHS = (
					"$(inherited)",
					"@executable_path/Frameworks",
				);
				MARKETING_VERSION = 1.0;
				PRODUCT_BUNDLE_IDENTIFIER = "com.test.Rich-Step";
				PRODUCT_NAME = "$(TARGET_NAME)";
				SWIFT_EMIT_LOC_STRINGS = YES;
				SWIFT_VERSION = 5.0;
				TARGETED_DEVICE_FAMILY = "1,2";
			};
			name = Release;
		};
		F5A052092AC6C2FC00C27C7B /* Debug */ = {
			isa = XCBuildConfiguration;
			buildSettings = {
				ALWAYS_EMBED_SWIFT_STANDARD_LIBRARIES = YES;
				BUNDLE_LOADER = "$(TEST_HOST)";
				CODE_SIGN_STYLE = Automatic;
				CURRENT_PROJECT_VERSION = 1;
				DEVELOPMENT_TEAM = W7WH5L7Z64;
				GENERATE_INFOPLIST_FILE = YES;
				IPHONEOS_DEPLOYMENT_TARGET = 15.5;
				MARKETING_VERSION = 1.0;
				PRODUCT_BUNDLE_IDENTIFIER = "com.test.Rich-StepTests";
				PRODUCT_NAME = "$(TARGET_NAME)";
				SWIFT_EMIT_LOC_STRINGS = NO;
				SWIFT_VERSION = 5.0;
				TARGETED_DEVICE_FAMILY = "1,2";
				TEST_HOST = "$(BUILT_PRODUCTS_DIR)/Rich Step.app/Rich Step";
			};
			name = Debug;
		};
		F5A0520A2AC6C2FC00C27C7B /* Release */ = {
			isa = XCBuildConfiguration;
			buildSettings = {
				ALWAYS_EMBED_SWIFT_STANDARD_LIBRARIES = YES;
				BUNDLE_LOADER = "$(TEST_HOST)";
				CODE_SIGN_STYLE = Automatic;
				CURRENT_PROJECT_VERSION = 1;
				DEVELOPMENT_TEAM = W7WH5L7Z64;
				GENERATE_INFOPLIST_FILE = YES;
				IPHONEOS_DEPLOYMENT_TARGET = 15.5;
				MARKETING_VERSION = 1.0;
				PRODUCT_BUNDLE_IDENTIFIER = "com.test.Rich-StepTests";
				PRODUCT_NAME = "$(TARGET_NAME)";
				SWIFT_EMIT_LOC_STRINGS = NO;
				SWIFT_VERSION = 5.0;
				TARGETED_DEVICE_FAMILY = "1,2";
				TEST_HOST = "$(BUILT_PRODUCTS_DIR)/Rich Step.app/Rich Step";
			};
			name = Release;
		};
		F5A0520C2AC6C2FC00C27C7B /* Debug */ = {
			isa = XCBuildConfiguration;
			buildSettings = {
				ALWAYS_EMBED_SWIFT_STANDARD_LIBRARIES = YES;
				CODE_SIGN_STYLE = Automatic;
				CURRENT_PROJECT_VERSION = 1;
				DEVELOPMENT_TEAM = W7WH5L7Z64;
				GENERATE_INFOPLIST_FILE = YES;
				MARKETING_VERSION = 1.0;
				PRODUCT_BUNDLE_IDENTIFIER = "com.test.Rich-StepUITests";
				PRODUCT_NAME = "$(TARGET_NAME)";
				SWIFT_EMIT_LOC_STRINGS = NO;
				SWIFT_VERSION = 5.0;
				TARGETED_DEVICE_FAMILY = "1,2";
				TEST_TARGET_NAME = "Rich Step";
			};
			name = Debug;
		};
		F5A0520D2AC6C2FC00C27C7B /* Release */ = {
			isa = XCBuildConfiguration;
			buildSettings = {
				ALWAYS_EMBED_SWIFT_STANDARD_LIBRARIES = YES;
				CODE_SIGN_STYLE = Automatic;
				CURRENT_PROJECT_VERSION = 1;
				DEVELOPMENT_TEAM = W7WH5L7Z64;
				GENERATE_INFOPLIST_FILE = YES;
				MARKETING_VERSION = 1.0;
				PRODUCT_BUNDLE_IDENTIFIER = "com.test.Rich-StepUITests";
				PRODUCT_NAME = "$(TARGET_NAME)";
				SWIFT_EMIT_LOC_STRINGS = NO;
				SWIFT_VERSION = 5.0;
				TARGETED_DEVICE_FAMILY = "1,2";
				TEST_TARGET_NAME = "Rich Step";
			};
			name = Release;
		};
/* End XCBuildConfiguration section */

/* Begin XCConfigurationList section */
		F5A051D32AC6C2FA00C27C7B /* Build configuration list for PBXProject "Rich Step" */ = {
			isa = XCConfigurationList;
			buildConfigurations = (
				F5A052032AC6C2FC00C27C7B /* Debug */,
				F5A052042AC6C2FC00C27C7B /* Release */,
			);
			defaultConfigurationIsVisible = 0;
			defaultConfigurationName = Release;
		};
		F5A052052AC6C2FC00C27C7B /* Build configuration list for PBXNativeTarget "Rich Step" */ = {
			isa = XCConfigurationList;
			buildConfigurations = (
				F5A052062AC6C2FC00C27C7B /* Debug */,
				F5A052072AC6C2FC00C27C7B /* Release */,
			);
			defaultConfigurationIsVisible = 0;
			defaultConfigurationName = Release;
		};
		F5A052082AC6C2FC00C27C7B /* Build configuration list for PBXNativeTarget "Rich StepTests" */ = {
			isa = XCConfigurationList;
			buildConfigurations = (
				F5A052092AC6C2FC00C27C7B /* Debug */,
				F5A0520A2AC6C2FC00C27C7B /* Release */,
			);
			defaultConfigurationIsVisible = 0;
			defaultConfigurationName = Release;
		};
		F5A0520B2AC6C2FC00C27C7B /* Build configuration list for PBXNativeTarget "Rich StepUITests" */ = {
			isa = XCConfigurationList;
			buildConfigurations = (
				F5A0520C2AC6C2FC00C27C7B /* Debug */,
				F5A0520D2AC6C2FC00C27C7B /* Release */,
			);
			defaultConfigurationIsVisible = 0;
			defaultConfigurationName = Release;
		};
/* End XCConfigurationList section */

/* Begin XCVersionGroup section */
		F5A051E42AC6C2FA00C27C7B /* Rich_Step.xcdatamodeld */ = {
			isa = XCVersionGroup;
			children = (
				F5A051E52AC6C2FA00C27C7B /* Rich_Step.xcdatamodel */,
			);
			currentVersion = F5A051E52AC6C2FA00C27C7B /* Rich_Step.xcdatamodel */;
			path = Rich_Step.xcdatamodeld;
			sourceTree = "<group>";
			versionGroupType = wrapper.xcdatamodel;
		};
/* End XCVersionGroup section */
	};
	rootObject = F5A051D02AC6C2FA00C27C7B /* Project object */;
}
